
Microsoft Visual Studio Solution File, Format Version 12.00
# Visual Studio 14
VisualStudioVersion = 14.0.25123.0
MinimumVisualStudioVersion = 10.0.40219.1
Project("{FAE04EC0-301F-11D3-BF4B-00C04F79EFBC}") = "ClienteLoginCms_CS", "ClienteLoginCms_CS\ClienteLoginCms_CS.csproj", "{712C92BB-F975-46FD-817A-120F5CF55A53}"
EndProject
Project("{FAE04EC0-301F-11D3-BF4B-00C04F79EFBC}") = "ClienteLoginCms_CSTests", "ClienteLoginCms_CSTests\ClienteLoginCms_CSTests.csproj", "{6C46501B-30BF-4BCB-89EE-FDA63744F684}"
EndProject
Project("{54435603-DBB4-11D2-8724-00A0C9A8B90C}") = "Setup1", "Setup1\Setup1.vdproj", "{88CA0C14-E514-4EC0-AF9D-1602157F288E}"
EndProject
Global
	GlobalSection(SolutionConfigurationPlatforms) = preSolution
		Debug|Any CPU = Debug|Any CPU
		Release|Any CPU = Release|Any CPU
	EndGlobalSection
	GlobalSection(ProjectConfigurationPlatforms) = postSolution
		{712C92BB-F975-46FD-817A-120F5CF55A53}.Debug|Any CPU.ActiveCfg = Debug|Any CPU
		{712C92BB-F975-46FD-817A-120F5CF55A53}.Debug|Any CPU.Build.0 = Debug|Any CPU
		{712C92BB-F975-46FD-817A-120F5CF55A53}.Release|Any CPU.ActiveCfg = Release|Any CPU
		{712C92BB-F975-46FD-817A-120F5CF55A53}.Release|Any CPU.Build.0 = Release|Any CPU
		{6C46501B-30BF-4BCB-89EE-FDA63744F684}.Debug|Any CPU.ActiveCfg = Debug|Any CPU
		{6C46501B-30BF-4BCB-89EE-FDA63744F684}.Debug|Any CPU.Build.0 = Debug|Any CPU
		{6C46501B-30BF-4BCB-89EE-FDA63744F684}.Release|Any CPU.ActiveCfg = Release|Any CPU
		{6C46501B-30BF-4BCB-89EE-FDA63744F684}.Release|Any CPU.Build.0 = Release|Any CPU
		{88CA0C14-E514-4EC0-AF9D-1602157F288E}.Debug|Any CPU.ActiveCfg = Debug
		{88CA0C14-E514-4EC0-AF9D-1602157F288E}.Release|Any CPU.ActiveCfg = Release
	EndGlobalSection
	GlobalSection(SolutionProperties) = preSolution
		HideSolutionNode = FALSE
	EndGlobalSection
EndGlobal
