
Microsoft Visual Studio Solution File, Format Version 12.00
# Visual Studio 14
VisualStudioVersion = 14.0.25420.1
MinimumVisualStudioVersion = 10.0.40219.1
Project("{54435603-DBB4-11D2-8724-00A0C9A8B90C}") = "ProgramasAfipSetupInstaler", "ProgramasAfipSetup\ProgramasAfipSetup.vdproj", "{88CA0C14-E514-4EC0-AF9D-1602157F288E}"
EndProject
Project("{FAE04EC0-301F-11D3-BF4B-00C04F79EFBC}") = "FECAESolicitar", "FECAESolicitar_CS\FECAESolicitar.csproj", "{712C92BB-F975-46FD-817A-120F5CF55A53}"
EndProject
Project("{FAE04EC0-301F-11D3-BF4B-00C04F79EFBC}") = "FECAESolicitar_Tests", "FECAESolicitar_CSTests\FECAESolicitar_Tests.csproj", "{6C46501B-30BF-4BCB-89EE-FDA63744F684}"
EndProject
Project("{FAE04EC0-301F-11D3-BF4B-00C04F79EFBC}") = "FECompConsultar", "FECompConsultar\FECompConsultar.csproj", "{8E46DF4B-F35F-4C27-BF3B-7633DFAEF25D}"
EndProject
Project("{FAE04EC0-301F-11D3-BF4B-00C04F79EFBC}") = "WsAfipCommon", "WsAfipCommon\WsAfipCommon.csproj", "{F71A9BFC-B27C-4811-B735-59CCE0A46BE6}"
EndProject
Global
	GlobalSection(SolutionConfigurationPlatforms) = preSolution
		Debug|Any CPU = Debug|Any CPU
		Release|Any CPU = Release|Any CPU
	EndGlobalSection
	GlobalSection(ProjectConfigurationPlatforms) = postSolution
		{88CA0C14-E514-4EC0-AF9D-1602157F288E}.Debug|Any CPU.ActiveCfg = Debug
		{88CA0C14-E514-4EC0-AF9D-1602157F288E}.Release|Any CPU.ActiveCfg = Release
		{88CA0C14-E514-4EC0-AF9D-1602157F288E}.Release|Any CPU.Build.0 = Release
		{88CA0C14-E514-4EC0-AF9D-1602157F288E}.Release|Any CPU.Deploy.0 = Release
		{712C92BB-F975-46FD-817A-120F5CF55A53}.Debug|Any CPU.ActiveCfg = Debug|Any CPU
		{712C92BB-F975-46FD-817A-120F5CF55A53}.Debug|Any CPU.Build.0 = Debug|Any CPU
		{712C92BB-F975-46FD-817A-120F5CF55A53}.Release|Any CPU.ActiveCfg = Release|Any CPU
		{712C92BB-F975-46FD-817A-120F5CF55A53}.Release|Any CPU.Build.0 = Release|Any CPU
		{6C46501B-30BF-4BCB-89EE-FDA63744F684}.Debug|Any CPU.ActiveCfg = Debug|Any CPU
		{6C46501B-30BF-4BCB-89EE-FDA63744F684}.Debug|Any CPU.Build.0 = Debug|Any CPU
		{6C46501B-30BF-4BCB-89EE-FDA63744F684}.Release|Any CPU.ActiveCfg = Release|Any CPU
		{6C46501B-30BF-4BCB-89EE-FDA63744F684}.Release|Any CPU.Build.0 = Release|Any CPU
		{8E46DF4B-F35F-4C27-BF3B-7633DFAEF25D}.Debug|Any CPU.ActiveCfg = Debug|Any CPU
		{8E46DF4B-F35F-4C27-BF3B-7633DFAEF25D}.Debug|Any CPU.Build.0 = Debug|Any CPU
		{8E46DF4B-F35F-4C27-BF3B-7633DFAEF25D}.Release|Any CPU.ActiveCfg = Release|Any CPU
		{8E46DF4B-F35F-4C27-BF3B-7633DFAEF25D}.Release|Any CPU.Build.0 = Release|Any CPU
		{F71A9BFC-B27C-4811-B735-59CCE0A46BE6}.Debug|Any CPU.ActiveCfg = Debug|Any CPU
		{F71A9BFC-B27C-4811-B735-59CCE0A46BE6}.Debug|Any CPU.Build.0 = Debug|Any CPU
		{F71A9BFC-B27C-4811-B735-59CCE0A46BE6}.Release|Any CPU.ActiveCfg = Release|Any CPU
		{F71A9BFC-B27C-4811-B735-59CCE0A46BE6}.Release|Any CPU.Build.0 = Release|Any CPU
	EndGlobalSection
	GlobalSection(SolutionProperties) = preSolution
		HideSolutionNode = FALSE
	EndGlobalSection
EndGlobal
